# This file is autogenerated, do not edit; changes may be undone by the next 'dep ensure'.


[[projects]]
  branch = "master"
  digest = "1:5dc91d43416335acf51bf2926f0f78356a5a38e706149313b018bb3e0e1373f1"
  name = "github.com/caicloud/nirvana"
  packages = [
    ".",
    "definition",
    "errors",
    "log",
    "operators/validator",
    "plugins/reqlog",
    "service",
    "service/router",
  ]
  pruneopts = "NT"
  revision = "4339f2f7b5eec00e10aba0cd585a86609149b32d"

[[projects]]
  branch = "master"
  digest = "1:62be3ecdac7d892cf9ad1aaee8f7fd8096ce6b8adf5d04aa2e988ec53e5d4d5b"
  name = "github.com/caicloud/nirvana-practice"
  packages = [
    "pkg/apis",
    "pkg/apis/meta/v1",
    "pkg/apis/v1alpha1",
    "pkg/apis/v1alpha1/descriptors",
    "pkg/apis/v1alpha1/handlers",
    "pkg/errors",
    "pkg/info",
  ]
  pruneopts = "NT"
  revision = "97f2021974e38b19cfdb4792983c5d5257d59ff5"

[[projects]]
  digest = "1:86f6c95e55f4a47cd3207edbfc013434b4b08fe45c57bdf5d07fdf9589fd2e63"
  name = "github.com/go-playground/locales"
  packages = [
    ".",
    "currency",
  ]
  pruneopts = "NT"
  revision = "f63010822830b6fe52288ee52d5a1151088ce039"
  version = "v0.12.1"

[[projects]]
  digest = "1:4c97108b6ee0ca7da69b58b453b343eb070e5c8f25437410f8448e9953893250"
  name = "github.com/go-playground/universal-translator"
  packages = ["."]
  pruneopts = "NT"
  revision = "b32fa301c9fe55953584134cb6853a13c87ec0a1"
  version = "v0.16.0"

[[projects]]
  digest = "1:c41a98ec16b8b053f921ad36d510f552321d6c86d2cd46d15b0ef3b85e67dd5f"
  name = "github.com/leodido/go-urn"
  packages = ["."]
  pruneopts = "NT"
  revision = "70078a794e8ea4b497ba7c19a78cd60f90ccf0f4"
  version = "v1.1.0"

[[projects]]
  branch = "master"
  digest = "1:b9f43f77a826911e6a1babe58512d7a36ced90d82db6d7184830bb8ba2f45759"
  name = "github.com/spf13/pflag"
  packages = ["."]
  pruneopts = "NT"
  revision = "24fa6976df40757dce6aea913e7b81ade90530e1"

[[projects]]
  digest = "1:8409100a2d3ecc7395bb1d9e18f00827ec6787cefd52f23a30ea5bf97916d6d7"
  name = "gopkg.in/go-playground/validator.v9"
  packages = ["."]
  pruneopts = "NT"
  revision = "556b9da3c05f2a935bc086fb5a0bb55dd8112d2d"
  version = "v9.29.1"

[solve-meta]
  analyzer-name = "dep"
  analyzer-version = 1
  input-imports = [
    "github.com/caicloud/nirvana",
    "github.com/caicloud/nirvana-practice/pkg/apis",
    "github.com/caicloud/nirvana-practice/pkg/apis/meta/v1",
    "github.com/caicloud/nirvana-practice/pkg/apis/v1alpha1",
    "github.com/caicloud/nirvana-practice/pkg/apis/v1alpha1/descriptors",
    "github.com/caicloud/nirvana-practice/pkg/apis/v1alpha1/handlers",
    "github.com/caicloud/nirvana-practice/pkg/errors",
    "github.com/caicloud/nirvana-practice/pkg/info",
    "github.com/caicloud/nirvana/definition",
    "github.com/caicloud/nirvana/errors",
    "github.com/caicloud/nirvana/log",
    "github.com/caicloud/nirvana/operators/validator",
    "github.com/caicloud/nirvana/plugins/reqlog",
    "github.com/spf13/pflag",
  ]
  solver-name = "gps-cdcl"
  solver-version = 1
